
Microsoft Visual Studio Solution File, Format Version 12.00
# Visual Studio Version 16
VisualStudioVersion = 16.0.31019.35
MinimumVisualStudioVersion = 10.0.40219.1
Project("{FAE04EC0-301F-11D3-BF4B-00C04F79EFBC}") = "ChyaKvAppSvc", "ChyaKvAppSvc\ChyaKvAppSvc.csproj", "{53BFC314-42EF-47BD-9CBA-94973F0B33A9}"
EndProject
Global
	GlobalSection(SolutionConfigurationPlatforms) = preSolution
		Debug|Any CPU = Debug|Any CPU
		Release|Any CPU = Release|Any CPU
	EndGlobalSection
	GlobalSection(ProjectConfigurationPlatforms) = postSolution
		{53BFC314-42EF-47BD-9CBA-94973F0B33A9}.Debug|Any CPU.ActiveCfg = Debug|Any CPU
		{53BFC314-42EF-47BD-9CBA-94973F0B33A9}.Debug|Any CPU.Build.0 = Debug|Any CPU
		{53BFC314-42EF-47BD-9CBA-94973F0B33A9}.Release|Any CPU.ActiveCfg = Release|Any CPU
		{53BFC314-42EF-47BD-9CBA-94973F0B33A9}.Release|Any CPU.Build.0 = Release|Any CPU
	EndGlobalSection
	GlobalSection(SolutionProperties) = preSolution
		HideSolutionNode = FALSE
	EndGlobalSection
	GlobalSection(ExtensibilityGlobals) = postSolution
		SolutionGuid = {FA4F7E31-1C4E-4CE4-9D92-231484A47F45}
	EndGlobalSection
EndGlobal
